
Microsoft Visual Studio Solution File, Format Version 11.00
# Visual Studio 2010
Project("{E24C65DC-7377-472B-9ABA-BC803B73C61A}") = "Web4Jq", "Web4Jq", "{883019E9-DBC7-46BE-968F-1C80BF1B88A0}"
	ProjectSection(WebsiteProperties) = preProject
		TargetFrameworkMoniker = ".NETFramework,Version%3Dv4.0"
		ProjectReferences = "{39654B50-4130-48F9-ADEB-D138426CAFD2}|DAL.dll;{F9946018-5DEE-4630-9FDC-77B32F5177F9}|Common.dll;"
		Debug.AspNetCompiler.VirtualPath = "/Web4Jq"
		Debug.AspNetCompiler.PhysicalPath = "Web4Jq\"
		Debug.AspNetCompiler.TargetPath = "PrecompiledWeb\Web4Jq\"
		Debug.AspNetCompiler.Updateable = "true"
		Debug.AspNetCompiler.ForceOverwrite = "true"
		Debug.AspNetCompiler.FixedNames = "false"
		Debug.AspNetCompiler.Debug = "True"
		Release.AspNetCompiler.VirtualPath = "/Web4Jq"
		Release.AspNetCompiler.PhysicalPath = "Web4Jq\"
		Release.AspNetCompiler.TargetPath = "PrecompiledWeb\Web4Jq\"
		Release.AspNetCompiler.Updateable = "true"
		Release.AspNetCompiler.ForceOverwrite = "true"
		Release.AspNetCompiler.FixedNames = "false"
		Release.AspNetCompiler.Debug = "False"
		VWDPort = "3546"
	EndProjectSection
EndProject
Project("{FAE04EC0-301F-11D3-BF4B-00C04F79EFBC}") = "Common", "Common\Common.csproj", "{F9946018-5DEE-4630-9FDC-77B32F5177F9}"
EndProject
Project("{FAE04EC0-301F-11D3-BF4B-00C04F79EFBC}") = "DAL", "DAL\DAL.csproj", "{39654B50-4130-48F9-ADEB-D138426CAFD2}"
EndProject
Project("{FAE04EC0-301F-11D3-BF4B-00C04F79EFBC}") = "BLL", "BLL\BLL.csproj", "{9E8D06B1-5A4B-4786-9F17-BCA77F429B16}"
EndProject
Project("{FAE04EC0-301F-11D3-BF4B-00C04F79EFBC}") = "Model", "Model\Model.csproj", "{5BDED000-5105-4E72-AFFE-B381E012C2A1}"
EndProject
Global
	GlobalSection(SolutionConfigurationPlatforms) = preSolution
		Debug|Any CPU = Debug|Any CPU
		Debug|Mixed Platforms = Debug|Mixed Platforms
		Debug|x86 = Debug|x86
		Release|Any CPU = Release|Any CPU
		Release|Mixed Platforms = Release|Mixed Platforms
		Release|x86 = Release|x86
	EndGlobalSection
	GlobalSection(ProjectConfigurationPlatforms) = postSolution
		{883019E9-DBC7-46BE-968F-1C80BF1B88A0}.Debug|Any CPU.ActiveCfg = Debug|Any CPU
		{883019E9-DBC7-46BE-968F-1C80BF1B88A0}.Debug|Any CPU.Build.0 = Debug|Any CPU
		{883019E9-DBC7-46BE-968F-1C80BF1B88A0}.Debug|Mixed Platforms.ActiveCfg = Debug|Any CPU
		{883019E9-DBC7-46BE-968F-1C80BF1B88A0}.Debug|Mixed Platforms.Build.0 = Debug|Any CPU
		{883019E9-DBC7-46BE-968F-1C80BF1B88A0}.Debug|x86.ActiveCfg = Debug|Any CPU
		{883019E9-DBC7-46BE-968F-1C80BF1B88A0}.Release|Any CPU.ActiveCfg = Debug|Any CPU
		{883019E9-DBC7-46BE-968F-1C80BF1B88A0}.Release|Any CPU.Build.0 = Debug|Any CPU
		{883019E9-DBC7-46BE-968F-1C80BF1B88A0}.Release|Mixed Platforms.ActiveCfg = Debug|Any CPU
		{883019E9-DBC7-46BE-968F-1C80BF1B88A0}.Release|Mixed Platforms.Build.0 = Debug|Any CPU
		{883019E9-DBC7-46BE-968F-1C80BF1B88A0}.Release|x86.ActiveCfg = Debug|Any CPU
		{F9946018-5DEE-4630-9FDC-77B32F5177F9}.Debug|Any CPU.ActiveCfg = Debug|Any CPU
		{F9946018-5DEE-4630-9FDC-77B32F5177F9}.Debug|Any CPU.Build.0 = Debug|Any CPU
		{F9946018-5DEE-4630-9FDC-77B32F5177F9}.Debug|Mixed Platforms.ActiveCfg = Debug|Any CPU
		{F9946018-5DEE-4630-9FDC-77B32F5177F9}.Debug|Mixed Platforms.Build.0 = Debug|Any CPU
		{F9946018-5DEE-4630-9FDC-77B32F5177F9}.Debug|x86.ActiveCfg = Debug|Any CPU
		{F9946018-5DEE-4630-9FDC-77B32F5177F9}.Release|Any CPU.ActiveCfg = Release|Any CPU
		{F9946018-5DEE-4630-9FDC-77B32F5177F9}.Release|Any CPU.Build.0 = Release|Any CPU
		{F9946018-5DEE-4630-9FDC-77B32F5177F9}.Release|Mixed Platforms.ActiveCfg = Release|Any CPU
		{F9946018-5DEE-4630-9FDC-77B32F5177F9}.Release|Mixed Platforms.Build.0 = Release|Any CPU
		{F9946018-5DEE-4630-9FDC-77B32F5177F9}.Release|x86.ActiveCfg = Release|Any CPU
		{39654B50-4130-48F9-ADEB-D138426CAFD2}.Debug|Any CPU.ActiveCfg = Debug|Any CPU
		{39654B50-4130-48F9-ADEB-D138426CAFD2}.Debug|Any CPU.Build.0 = Debug|Any CPU
		{39654B50-4130-48F9-ADEB-D138426CAFD2}.Debug|Mixed Platforms.ActiveCfg = Debug|Any CPU
		{39654B50-4130-48F9-ADEB-D138426CAFD2}.Debug|Mixed Platforms.Build.0 = Debug|Any CPU
		{39654B50-4130-48F9-ADEB-D138426CAFD2}.Debug|x86.ActiveCfg = Debug|Any CPU
		{39654B50-4130-48F9-ADEB-D138426CAFD2}.Release|Any CPU.ActiveCfg = Release|Any CPU
		{39654B50-4130-48F9-ADEB-D138426CAFD2}.Release|Any CPU.Build.0 = Release|Any CPU
		{39654B50-4130-48F9-ADEB-D138426CAFD2}.Release|Mixed Platforms.ActiveCfg = Release|Any CPU
		{39654B50-4130-48F9-ADEB-D138426CAFD2}.Release|Mixed Platforms.Build.0 = Release|Any CPU
		{39654B50-4130-48F9-ADEB-D138426CAFD2}.Release|x86.ActiveCfg = Release|Any CPU
		{9E8D06B1-5A4B-4786-9F17-BCA77F429B16}.Debug|Any CPU.ActiveCfg = Debug|Any CPU
		{9E8D06B1-5A4B-4786-9F17-BCA77F429B16}.Debug|Any CPU.Build.0 = Debug|Any CPU
		{9E8D06B1-5A4B-4786-9F17-BCA77F429B16}.Debug|Mixed Platforms.ActiveCfg = Debug|Any CPU
		{9E8D06B1-5A4B-4786-9F17-BCA77F429B16}.Debug|Mixed Platforms.Build.0 = Debug|Any CPU
		{9E8D06B1-5A4B-4786-9F17-BCA77F429B16}.Debug|x86.ActiveCfg = Debug|Any CPU
		{9E8D06B1-5A4B-4786-9F17-BCA77F429B16}.Release|Any CPU.ActiveCfg = Release|Any CPU
		{9E8D06B1-5A4B-4786-9F17-BCA77F429B16}.Release|Any CPU.Build.0 = Release|Any CPU
		{9E8D06B1-5A4B-4786-9F17-BCA77F429B16}.Release|Mixed Platforms.ActiveCfg = Release|Any CPU
		{9E8D06B1-5A4B-4786-9F17-BCA77F429B16}.Release|Mixed Platforms.Build.0 = Release|Any CPU
		{9E8D06B1-5A4B-4786-9F17-BCA77F429B16}.Release|x86.ActiveCfg = Release|Any CPU
		{5BDED000-5105-4E72-AFFE-B381E012C2A1}.Debug|Any CPU.ActiveCfg = Debug|Any CPU
		{5BDED000-5105-4E72-AFFE-B381E012C2A1}.Debug|Any CPU.Build.0 = Debug|Any CPU
		{5BDED000-5105-4E72-AFFE-B381E012C2A1}.Debug|Mixed Platforms.ActiveCfg = Debug|Any CPU
		{5BDED000-5105-4E72-AFFE-B381E012C2A1}.Debug|Mixed Platforms.Build.0 = Debug|Any CPU
		{5BDED000-5105-4E72-AFFE-B381E012C2A1}.Debug|x86.ActiveCfg = Debug|Any CPU
		{5BDED000-5105-4E72-AFFE-B381E012C2A1}.Release|Any CPU.ActiveCfg = Release|Any CPU
		{5BDED000-5105-4E72-AFFE-B381E012C2A1}.Release|Any CPU.Build.0 = Release|Any CPU
		{5BDED000-5105-4E72-AFFE-B381E012C2A1}.Release|Mixed Platforms.ActiveCfg = Release|Any CPU
		{5BDED000-5105-4E72-AFFE-B381E012C2A1}.Release|Mixed Platforms.Build.0 = Release|Any CPU
		{5BDED000-5105-4E72-AFFE-B381E012C2A1}.Release|x86.ActiveCfg = Release|Any CPU
	EndGlobalSection
	GlobalSection(SolutionProperties) = preSolution
		HideSolutionNode = FALSE
	EndGlobalSection
EndGlobal
